
Microsoft Visual Studio Solution File, Format Version 12.00
# Visual Studio Version 17
VisualStudioVersion = 17.11.35222.181
MinimumVisualStudioVersion = 10.0.40219.1
Project("{FAE04EC0-301F-11D3-BF4B-00C04F79EFBC}") = "DivingInCSharpDotNetAndVSCalculator", "DivingInCSharpDotNetAndVSCalculator\DivingInCSharpDotNetAndVSCalculator.csproj", "{69505CC9-3348-413A-8434-99594BB71F69}"
EndProject
Global
	GlobalSection(SolutionConfigurationPlatforms) = preSolution
		Debug|Any CPU = Debug|Any CPU
		Release|Any CPU = Release|Any CPU
	EndGlobalSection
	GlobalSection(ProjectConfigurationPlatforms) = postSolution
		{69505CC9-3348-413A-8434-99594BB71F69}.Debug|Any CPU.ActiveCfg = Debug|Any CPU
		{69505CC9-3348-413A-8434-99594BB71F69}.Debug|Any CPU.Build.0 = Debug|Any CPU
		{69505CC9-3348-413A-8434-99594BB71F69}.Release|Any CPU.ActiveCfg = Release|Any CPU
		{69505CC9-3348-413A-8434-99594BB71F69}.Release|Any CPU.Build.0 = Release|Any CPU
	EndGlobalSection
	GlobalSection(SolutionProperties) = preSolution
		HideSolutionNode = FALSE
	EndGlobalSection
	GlobalSection(ExtensibilityGlobals) = postSolution
		SolutionGuid = {8A64CA42-EBE3-46B3-84C1-C9B63A9BE6A8}
	EndGlobalSection
EndGlobal
